<?xml version="1.0" encoding="utf-8"?>
<Project ToolsVersion="4.0" xmlns="http://schemas.microsoft.com/developer/msbuild/2003">
  <ItemGroup>
    <Filter Include="Source Files">
      <UniqueIdentifier>{4FC737F1-C7A5-4376-A066-2A32D752A2FF}</UniqueIdentifier>
      <Extensions>cpp;c;cc;cxx;def;odl;idl;hpj;bat;asm;asmx</Extensions>
    </Filter>
    <Filter Include="Header Files">
      <UniqueIdentifier>{93995380-89BD-4b04-88EB-625FBE52EBFB}</UniqueIdentifier>
      <Extensions>h;hh;hpp;hxx;hm;inl;inc;ipp;xsd</Extensions>
    </Filter>
    <Filter Include="Resource Files">
      <UniqueIdentifier>{67DA6AB6-F800-4c08-8B7A-83BB121AAD01}</UniqueIdentifier>
      <Extensions>rc;ico;cur;bmp;dlg;rc2;rct;bin;rgs;gif;jpg;jpeg;jpe;resx;tiff;tif;png;wav;mfcribbon-ms</Extensions>
    </Filter>
    <Filter Include="Source Files\Engine">
      <UniqueIdentifier>{f993350a-b905-41cf-bcc0-1c61fc0a5144}</UniqueIdentifier>
    </Filter>
    <Filter Include="Source Files\Engine\AssetManager">
      <UniqueIdentifier>{d7ebb644-bb57-4330-95fa-6db993c38e7f}</UniqueIdentifier>
    </Filter>
    <Filter Include="Source Files\Engine\InputManager">
      <UniqueIdentifier>{57ab290b-50dd-4785-9ef4-29f272c95113}</UniqueIdentifier>
    </Filter>
    <Filter Include="Source Files\Engine\States">
      <UniqueIdentifier>{d37cb578-f4ec-4002-bf7d-a7aa82432d3d}</UniqueIdentifier>
    </Filter>
    <Filter Include="Source Files\Engine\States\GameState">
      <UniqueIdentifier>{544de905-b7e4-4612-97e9-b8bb4e709af5}</UniqueIdentifier>
    </Filter>
    <Filter Include="Source Files\Engine\States\MainMenuState">
      <UniqueIdentifier>{0b9f9c14-fcea-4054-9d44-03f9cafb0455}</UniqueIdentifier>
    </Filter>
  </ItemGroup>
  <ItemGroup>
    <ClCompile Include="main.cpp">
      <Filter>Source Files</Filter>
    </ClCompile>
    <ClCompile Include="StateManager.cpp">
      <Filter>Source Files\Engine\States</Filter>
    </ClCompile>
    <ClCompile Include="AssetManager.cpp">
      <Filter>Source Files\Engine\AssetManager</Filter>
    </ClCompile>
    <ClCompile Include="InputManager.cpp">
      <Filter>Source Files\Engine\InputManager</Filter>
    </ClCompile>
    <ClCompile Include="Engine.cpp">
      <Filter>Source Files\Engine</Filter>
    </ClCompile>
    <ClCompile Include="MainMenuState.cpp">
      <Filter>Source Files\Engine\States\MainMenuState</Filter>
    </ClCompile>
    <ClCompile Include="GameState.cpp">
      <Filter>Source Files\Engine\States\GameState</Filter>
    </ClCompile>
  </ItemGroup>
  <ItemGroup>
    <ClInclude Include="State.h">
      <Filter>Source Files\Engine\States</Filter>
    </ClInclude>
    <ClInclude Include="StateManager.h">
      <Filter>Source Files\Engine\States</Filter>
    </ClInclude>
    <ClInclude Include="AssetManager.h">
      <Filter>Source Files\Engine\AssetManager</Filter>
    </ClInclude>
    <ClInclude Include="InputManager.h">
      <Filter>Source Files\Engine\InputManager</Filter>
    </ClInclude>
    <ClInclude Include="Engine.h">
      <Filter>Source Files\Engine</Filter>
    </ClInclude>
    <ClInclude Include="DEFINITIONS.h">
      <Filter>Source Files\Engine</Filter>
    </ClInclude>
    <ClInclude Include="MainMenuState.h">
      <Filter>Source Files\Engine\States\MainMenuState</Filter>
    </ClInclude>
    <ClInclude Include="GameState.h">
      <Filter>Source Files\Engine\States\GameState</Filter>
    </ClInclude>
    <ClInclude Include="resource.h">
      <Filter>Header Files</Filter>
    </ClInclude>
  </ItemGroup>
  <ItemGroup>
    <Font Include="Resources\fonts\arial.ttf">
      <Filter>Resource Files</Filter>
    </Font>
  </ItemGroup>
  <ItemGroup>
    <Image Include="Resources\icons\icon.png">
      <Filter>Resource Files</Filter>
    </Image>
  </ItemGroup>
</Project>